{
  "name": "smithery-hello",
  "version": "1.0.0",
  "lockfileVersion": 3,
  "requires": true,
  "packages": {
    "": {
      "name": "smithery-hello",
      "version": "1.0.0",
      "dependencies": {
        "smithery": "^1.2.9",
        "typescript": "^5.4.5"
      }
    },
    "node_modules/smithery": {
      "version": "1.2.9",
      "resolved": "https://registry.npmjs.org/smithery/-/smithery-1.2.9.tgz",
      "integrity": "sha512-xxxxxxxxxxxxxxxxxxxxxxxxxxxxxxxxxxxxxxxxxxxxxxxxxxx==",
      "engines": {
        "node": ">=18"
      }
    },
    "node_modules/typescript": {
      "version": "5.4.5",
      "resolved": "https://registry.npmjs.org/typescript/-/typescript-5.4.5.tgz",
      "integrity": "sha512-xxxxxxxxxxxxxxxxxxxxxxxxxxxxxxxxxxxxxxxxxxxxxxxxxxx==",
      "bin": {
        "tsc": "bin/tsc",
        "tsserver": "bin/tsserver"
      }
    }
  },
  "dependencies": {
    "smithery": {
      "version": "1.2.9",
      "resolved": "https://registry.npmjs.org/smithery/-/smithery-1.2.9.tgz",
      "integrity": "sha512-xxxxxxxxxxxxxxxxxxxxxxxxxxxxxxxxxxxxxxxxxxxxxxxxxxx=="
    },
    "typescript": {
      "version": "5.4.5",
      "resolved": "https://registry.npmjs.org/typescript/-/typescript-5.4.5.tgz",
      "integrity": "sha512-xxxxxxxxxxxxxxxxxxxxxxxxxxxxxxxxxxxxxxxxxxxxxxxxxxx=="
    }
  }
}
